
Microsoft Visual Studio Solution File, Format Version 12.00
# Visual Studio Version 17
VisualStudioVersion = 17.1.32319.34
MinimumVisualStudioVersion = 10.0.40219.1
Project("{2150E333-8FDC-42A3-9474-1A3956D46DE8}") = "Common", "Common", "{40E4368F-7F00-4992-B123-41946C08BB70}"
EndProject
Project("{9A19103F-16F7-4668-BE54-9A1E7A4F7556}") = "CaptchaSolver.Domain", "Common\CaptchaSolver.Domain\CaptchaSolver.Domain.csproj", "{CFD9AFF7-1E24-49B5-A32B-367A1402842B}"
EndProject
Project("{9A19103F-16F7-4668-BE54-9A1E7A4F7556}") = "CaptchaSolver.Domain.Base", "Common\CaptchaSolver.Domain.Base\CaptchaSolver.Domain.Base.csproj", "{618599D1-671B-47B9-B244-FFAA29F7621E}"
EndProject
Project("{2150E333-8FDC-42A3-9474-1A3956D46DE8}") = "Data", "Data", "{0ACC5303-A318-4408-AC20-131B749F0914}"
EndProject
Project("{9A19103F-16F7-4668-BE54-9A1E7A4F7556}") = "CaptchaSolver.DAL", "Data\CaptchaSolver.DAL\CaptchaSolver.DAL.csproj", "{68E96265-16B1-4698-A677-883739419C72}"
EndProject
Project("{9A19103F-16F7-4668-BE54-9A1E7A4F7556}") = "CaptchaSolver.DAL.SqlServer", "Data\CaptchaSolver.DAL.SqlServer\CaptchaSolver.DAL.SqlServer.csproj", "{AA77F70E-2CE5-4524-9555-B796F85194F0}"
EndProject
Project("{2150E333-8FDC-42A3-9474-1A3956D46DE8}") = "Services", "Services", "{B4E4E912-0920-47AB-8372-7E27A53B8DEC}"
EndProject
Project("{FAE04EC0-301F-11D3-BF4B-00C04F79EFBC}") = "CaptchaSolver.API", "Services\CaptchaSolver.API\CaptchaSolver.API.csproj", "{68D82DBD-72C9-41B1-96D9-73B9114DB2DF}"
EndProject
Project("{FAE04EC0-301F-11D3-BF4B-00C04F79EFBC}") = "CaptchaSolver.Interfaces", "Services\CaptchaSolver.Interfaces\CaptchaSolver.Interfaces.csproj", "{30D9574C-3B91-4541-83B0-72CADACDB71D}"
EndProject
Project("{FAE04EC0-301F-11D3-BF4B-00C04F79EFBC}") = "CaptchaSolver.Interfaces.Base", "Services\CaptchaSolver.Interfaces.Base\CaptchaSolver.Interfaces.Base.csproj", "{F78A7496-6746-498D-92E3-A36AA87981A9}"
EndProject
Project("{2150E333-8FDC-42A3-9474-1A3956D46DE8}") = "UI", "UI", "{C86D86DF-BE73-4AE2-9D64-45240E685264}"
EndProject
Project("{FAE04EC0-301F-11D3-BF4B-00C04F79EFBC}") = "CaptchaSolver.Console", "UI\CaptchaSolver.Console\CaptchaSolver.Console.csproj", "{3DCD7B4C-D07F-4E18-9B20-68C59E1C55AA}"
EndProject
Global
	GlobalSection(SolutionConfigurationPlatforms) = preSolution
		Debug|Any CPU = Debug|Any CPU
		Debug|x64 = Debug|x64
		Debug|x86 = Debug|x86
		Release|Any CPU = Release|Any CPU
		Release|x64 = Release|x64
		Release|x86 = Release|x86
	EndGlobalSection
	GlobalSection(ProjectConfigurationPlatforms) = postSolution
		{CFD9AFF7-1E24-49B5-A32B-367A1402842B}.Debug|Any CPU.ActiveCfg = Debug|Any CPU
		{CFD9AFF7-1E24-49B5-A32B-367A1402842B}.Debug|Any CPU.Build.0 = Debug|Any CPU
		{CFD9AFF7-1E24-49B5-A32B-367A1402842B}.Debug|x64.ActiveCfg = Debug|Any CPU
		{CFD9AFF7-1E24-49B5-A32B-367A1402842B}.Debug|x64.Build.0 = Debug|Any CPU
		{CFD9AFF7-1E24-49B5-A32B-367A1402842B}.Debug|x86.ActiveCfg = Debug|Any CPU
		{CFD9AFF7-1E24-49B5-A32B-367A1402842B}.Debug|x86.Build.0 = Debug|Any CPU
		{CFD9AFF7-1E24-49B5-A32B-367A1402842B}.Release|Any CPU.ActiveCfg = Release|Any CPU
		{CFD9AFF7-1E24-49B5-A32B-367A1402842B}.Release|Any CPU.Build.0 = Release|Any CPU
		{CFD9AFF7-1E24-49B5-A32B-367A1402842B}.Release|x64.ActiveCfg = Release|Any CPU
		{CFD9AFF7-1E24-49B5-A32B-367A1402842B}.Release|x64.Build.0 = Release|Any CPU
		{CFD9AFF7-1E24-49B5-A32B-367A1402842B}.Release|x86.ActiveCfg = Release|Any CPU
		{CFD9AFF7-1E24-49B5-A32B-367A1402842B}.Release|x86.Build.0 = Release|Any CPU
		{618599D1-671B-47B9-B244-FFAA29F7621E}.Debug|Any CPU.ActiveCfg = Debug|Any CPU
		{618599D1-671B-47B9-B244-FFAA29F7621E}.Debug|Any CPU.Build.0 = Debug|Any CPU
		{618599D1-671B-47B9-B244-FFAA29F7621E}.Debug|x64.ActiveCfg = Debug|Any CPU
		{618599D1-671B-47B9-B244-FFAA29F7621E}.Debug|x64.Build.0 = Debug|Any CPU
		{618599D1-671B-47B9-B244-FFAA29F7621E}.Debug|x86.ActiveCfg = Debug|Any CPU
		{618599D1-671B-47B9-B244-FFAA29F7621E}.Debug|x86.Build.0 = Debug|Any CPU
		{618599D1-671B-47B9-B244-FFAA29F7621E}.Release|Any CPU.ActiveCfg = Release|Any CPU
		{618599D1-671B-47B9-B244-FFAA29F7621E}.Release|Any CPU.Build.0 = Release|Any CPU
		{618599D1-671B-47B9-B244-FFAA29F7621E}.Release|x64.ActiveCfg = Release|Any CPU
		{618599D1-671B-47B9-B244-FFAA29F7621E}.Release|x64.Build.0 = Release|Any CPU
		{618599D1-671B-47B9-B244-FFAA29F7621E}.Release|x86.ActiveCfg = Release|Any CPU
		{618599D1-671B-47B9-B244-FFAA29F7621E}.Release|x86.Build.0 = Release|Any CPU
		{68E96265-16B1-4698-A677-883739419C72}.Debug|Any CPU.ActiveCfg = Debug|Any CPU
		{68E96265-16B1-4698-A677-883739419C72}.Debug|Any CPU.Build.0 = Debug|Any CPU
		{68E96265-16B1-4698-A677-883739419C72}.Debug|x64.ActiveCfg = Debug|Any CPU
		{68E96265-16B1-4698-A677-883739419C72}.Debug|x64.Build.0 = Debug|Any CPU
		{68E96265-16B1-4698-A677-883739419C72}.Debug|x86.ActiveCfg = Debug|Any CPU
		{68E96265-16B1-4698-A677-883739419C72}.Debug|x86.Build.0 = Debug|Any CPU
		{68E96265-16B1-4698-A677-883739419C72}.Release|Any CPU.ActiveCfg = Release|Any CPU
		{68E96265-16B1-4698-A677-883739419C72}.Release|Any CPU.Build.0 = Release|Any CPU
		{68E96265-16B1-4698-A677-883739419C72}.Release|x64.ActiveCfg = Release|Any CPU
		{68E96265-16B1-4698-A677-883739419C72}.Release|x64.Build.0 = Release|Any CPU
		{68E96265-16B1-4698-A677-883739419C72}.Release|x86.ActiveCfg = Release|Any CPU
		{68E96265-16B1-4698-A677-883739419C72}.Release|x86.Build.0 = Release|Any CPU
		{AA77F70E-2CE5-4524-9555-B796F85194F0}.Debug|Any CPU.ActiveCfg = Debug|Any CPU
		{AA77F70E-2CE5-4524-9555-B796F85194F0}.Debug|Any CPU.Build.0 = Debug|Any CPU
		{AA77F70E-2CE5-4524-9555-B796F85194F0}.Debug|x64.ActiveCfg = Debug|Any CPU
		{AA77F70E-2CE5-4524-9555-B796F85194F0}.Debug|x64.Build.0 = Debug|Any CPU
		{AA77F70E-2CE5-4524-9555-B796F85194F0}.Debug|x86.ActiveCfg = Debug|Any CPU
		{AA77F70E-2CE5-4524-9555-B796F85194F0}.Debug|x86.Build.0 = Debug|Any CPU
		{AA77F70E-2CE5-4524-9555-B796F85194F0}.Release|Any CPU.ActiveCfg = Release|Any CPU
		{AA77F70E-2CE5-4524-9555-B796F85194F0}.Release|Any CPU.Build.0 = Release|Any CPU
		{AA77F70E-2CE5-4524-9555-B796F85194F0}.Release|x64.ActiveCfg = Release|Any CPU
		{AA77F70E-2CE5-4524-9555-B796F85194F0}.Release|x64.Build.0 = Release|Any CPU
		{AA77F70E-2CE5-4524-9555-B796F85194F0}.Release|x86.ActiveCfg = Release|Any CPU
		{AA77F70E-2CE5-4524-9555-B796F85194F0}.Release|x86.Build.0 = Release|Any CPU
		{68D82DBD-72C9-41B1-96D9-73B9114DB2DF}.Debug|Any CPU.ActiveCfg = Debug|Any CPU
		{68D82DBD-72C9-41B1-96D9-73B9114DB2DF}.Debug|Any CPU.Build.0 = Debug|Any CPU
		{68D82DBD-72C9-41B1-96D9-73B9114DB2DF}.Debug|x64.ActiveCfg = Debug|Any CPU
		{68D82DBD-72C9-41B1-96D9-73B9114DB2DF}.Debug|x64.Build.0 = Debug|Any CPU
		{68D82DBD-72C9-41B1-96D9-73B9114DB2DF}.Debug|x86.ActiveCfg = Debug|Any CPU
		{68D82DBD-72C9-41B1-96D9-73B9114DB2DF}.Debug|x86.Build.0 = Debug|Any CPU
		{68D82DBD-72C9-41B1-96D9-73B9114DB2DF}.Release|Any CPU.ActiveCfg = Release|Any CPU
		{68D82DBD-72C9-41B1-96D9-73B9114DB2DF}.Release|Any CPU.Build.0 = Release|Any CPU
		{68D82DBD-72C9-41B1-96D9-73B9114DB2DF}.Release|x64.ActiveCfg = Release|Any CPU
		{68D82DBD-72C9-41B1-96D9-73B9114DB2DF}.Release|x64.Build.0 = Release|Any CPU
		{68D82DBD-72C9-41B1-96D9-73B9114DB2DF}.Release|x86.ActiveCfg = Release|Any CPU
		{68D82DBD-72C9-41B1-96D9-73B9114DB2DF}.Release|x86.Build.0 = Release|Any CPU
		{30D9574C-3B91-4541-83B0-72CADACDB71D}.Debug|Any CPU.ActiveCfg = Debug|Any CPU
		{30D9574C-3B91-4541-83B0-72CADACDB71D}.Debug|Any CPU.Build.0 = Debug|Any CPU
		{30D9574C-3B91-4541-83B0-72CADACDB71D}.Debug|x64.ActiveCfg = Debug|Any CPU
		{30D9574C-3B91-4541-83B0-72CADACDB71D}.Debug|x64.Build.0 = Debug|Any CPU
		{30D9574C-3B91-4541-83B0-72CADACDB71D}.Debug|x86.ActiveCfg = Debug|Any CPU
		{30D9574C-3B91-4541-83B0-72CADACDB71D}.Debug|x86.Build.0 = Debug|Any CPU
		{30D9574C-3B91-4541-83B0-72CADACDB71D}.Release|Any CPU.ActiveCfg = Release|Any CPU
		{30D9574C-3B91-4541-83B0-72CADACDB71D}.Release|Any CPU.Build.0 = Release|Any CPU
		{30D9574C-3B91-4541-83B0-72CADACDB71D}.Release|x64.ActiveCfg = Release|Any CPU
		{30D9574C-3B91-4541-83B0-72CADACDB71D}.Release|x64.Build.0 = Release|Any CPU
		{30D9574C-3B91-4541-83B0-72CADACDB71D}.Release|x86.ActiveCfg = Release|Any CPU
		{30D9574C-3B91-4541-83B0-72CADACDB71D}.Release|x86.Build.0 = Release|Any CPU
		{F78A7496-6746-498D-92E3-A36AA87981A9}.Debug|Any CPU.ActiveCfg = Debug|Any CPU
		{F78A7496-6746-498D-92E3-A36AA87981A9}.Debug|Any CPU.Build.0 = Debug|Any CPU
		{F78A7496-6746-498D-92E3-A36AA87981A9}.Debug|x64.ActiveCfg = Debug|Any CPU
		{F78A7496-6746-498D-92E3-A36AA87981A9}.Debug|x64.Build.0 = Debug|Any CPU
		{F78A7496-6746-498D-92E3-A36AA87981A9}.Debug|x86.ActiveCfg = Debug|Any CPU
		{F78A7496-6746-498D-92E3-A36AA87981A9}.Debug|x86.Build.0 = Debug|Any CPU
		{F78A7496-6746-498D-92E3-A36AA87981A9}.Release|Any CPU.ActiveCfg = Release|Any CPU
		{F78A7496-6746-498D-92E3-A36AA87981A9}.Release|Any CPU.Build.0 = Release|Any CPU
		{F78A7496-6746-498D-92E3-A36AA87981A9}.Release|x64.ActiveCfg = Release|Any CPU
		{F78A7496-6746-498D-92E3-A36AA87981A9}.Release|x64.Build.0 = Release|Any CPU
		{F78A7496-6746-498D-92E3-A36AA87981A9}.Release|x86.ActiveCfg = Release|Any CPU
		{F78A7496-6746-498D-92E3-A36AA87981A9}.Release|x86.Build.0 = Release|Any CPU
		{3DCD7B4C-D07F-4E18-9B20-68C59E1C55AA}.Debug|Any CPU.ActiveCfg = Debug|Any CPU
		{3DCD7B4C-D07F-4E18-9B20-68C59E1C55AA}.Debug|Any CPU.Build.0 = Debug|Any CPU
		{3DCD7B4C-D07F-4E18-9B20-68C59E1C55AA}.Debug|x64.ActiveCfg = Debug|Any CPU
		{3DCD7B4C-D07F-4E18-9B20-68C59E1C55AA}.Debug|x64.Build.0 = Debug|Any CPU
		{3DCD7B4C-D07F-4E18-9B20-68C59E1C55AA}.Debug|x86.ActiveCfg = Debug|Any CPU
		{3DCD7B4C-D07F-4E18-9B20-68C59E1C55AA}.Debug|x86.Build.0 = Debug|Any CPU
		{3DCD7B4C-D07F-4E18-9B20-68C59E1C55AA}.Release|Any CPU.ActiveCfg = Release|Any CPU
		{3DCD7B4C-D07F-4E18-9B20-68C59E1C55AA}.Release|Any CPU.Build.0 = Release|Any CPU
		{3DCD7B4C-D07F-4E18-9B20-68C59E1C55AA}.Release|x64.ActiveCfg = Release|Any CPU
		{3DCD7B4C-D07F-4E18-9B20-68C59E1C55AA}.Release|x64.Build.0 = Release|Any CPU
		{3DCD7B4C-D07F-4E18-9B20-68C59E1C55AA}.Release|x86.ActiveCfg = Release|Any CPU
		{3DCD7B4C-D07F-4E18-9B20-68C59E1C55AA}.Release|x86.Build.0 = Release|Any CPU
	EndGlobalSection
	GlobalSection(SolutionProperties) = preSolution
		HideSolutionNode = FALSE
	EndGlobalSection
	GlobalSection(NestedProjects) = preSolution
		{CFD9AFF7-1E24-49B5-A32B-367A1402842B} = {40E4368F-7F00-4992-B123-41946C08BB70}
		{618599D1-671B-47B9-B244-FFAA29F7621E} = {40E4368F-7F00-4992-B123-41946C08BB70}
		{68E96265-16B1-4698-A677-883739419C72} = {0ACC5303-A318-4408-AC20-131B749F0914}
		{AA77F70E-2CE5-4524-9555-B796F85194F0} = {0ACC5303-A318-4408-AC20-131B749F0914}
		{68D82DBD-72C9-41B1-96D9-73B9114DB2DF} = {B4E4E912-0920-47AB-8372-7E27A53B8DEC}
		{30D9574C-3B91-4541-83B0-72CADACDB71D} = {B4E4E912-0920-47AB-8372-7E27A53B8DEC}
		{F78A7496-6746-498D-92E3-A36AA87981A9} = {B4E4E912-0920-47AB-8372-7E27A53B8DEC}
		{3DCD7B4C-D07F-4E18-9B20-68C59E1C55AA} = {C86D86DF-BE73-4AE2-9D64-45240E685264}
	EndGlobalSection
	GlobalSection(ExtensibilityGlobals) = postSolution
		SolutionGuid = {728A14B8-6B41-4C9F-9C68-5774FAE746F6}
	EndGlobalSection
EndGlobal
